
Microsoft Visual Studio Solution File, Format Version 12.00
# Visual Studio Version 17
VisualStudioVersion = 17.14.36203.30 d17.14
MinimumVisualStudioVersion = 10.0.40219.1
Project("{FAE04EC0-301F-11D3-BF4B-00C04F79EFBC}") = "SurveyBasket.Api", "SurveyBasket.Api\SurveyBasket.Api.csproj", "{9FA7498A-0AF3-439C-A021-F5B23BC3947F}"
EndProject
Global
	GlobalSection(SolutionConfigurationPlatforms) = preSolution
		Debug|Any CPU = Debug|Any CPU
		Release|Any CPU = Release|Any CPU
	EndGlobalSection
	GlobalSection(ProjectConfigurationPlatforms) = postSolution
		{9FA7498A-0AF3-439C-A021-F5B23BC3947F}.Debug|Any CPU.ActiveCfg = Debug|Any CPU
		{9FA7498A-0AF3-439C-A021-F5B23BC3947F}.Debug|Any CPU.Build.0 = Debug|Any CPU
		{9FA7498A-0AF3-439C-A021-F5B23BC3947F}.Release|Any CPU.ActiveCfg = Release|Any CPU
		{9FA7498A-0AF3-439C-A021-F5B23BC3947F}.Release|Any CPU.Build.0 = Release|Any CPU
	EndGlobalSection
	GlobalSection(SolutionProperties) = preSolution
		HideSolutionNode = FALSE
	EndGlobalSection
	GlobalSection(ExtensibilityGlobals) = postSolution
		SolutionGuid = {29F87B66-9CFA-48D9-B69D-821A32C48782}
	EndGlobalSection
EndGlobal
